
Microsoft Visual Studio Solution File, Format Version 12.00
# Visual Studio Version 17
VisualStudioVersion = 17.7.34031.279
MinimumVisualStudioVersion = 10.0.40219.1
Project("{9A19103F-16F7-4668-BE54-9A1E7A4F7556}") = "ContackApp", "ContackApp.csproj", "{BB793D2E-C43C-4A72-9A58-2C7B2BB8DE6F}"
EndProject
Project("{9A19103F-16F7-4668-BE54-9A1E7A4F7556}") = "Entities", "..\Entities\Entities.csproj", "{F76BB012-B244-47C9-8364-09283A255C5C}"
EndProject
Project("{9A19103F-16F7-4668-BE54-9A1E7A4F7556}") = "Repositories", "..\Repositories\Repositories.csproj", "{A8004177-8247-4E97-8666-A07F339E4130}"
EndProject
Project("{9A19103F-16F7-4668-BE54-9A1E7A4F7556}") = "Services", "..\Services\Services.csproj", "{3F1A2F95-AB47-46B9-8366-EC82EFED8D0E}"
EndProject
Project("{9A19103F-16F7-4668-BE54-9A1E7A4F7556}") = "Presentation", "..\Presentation\Presentation.csproj", "{B5898BD3-BD08-4515-A853-AE85C45075B3}"
EndProject
Global
	GlobalSection(SolutionConfigurationPlatforms) = preSolution
		Debug|Any CPU = Debug|Any CPU
		Release|Any CPU = Release|Any CPU
	EndGlobalSection
	GlobalSection(ProjectConfigurationPlatforms) = postSolution
		{BB793D2E-C43C-4A72-9A58-2C7B2BB8DE6F}.Debug|Any CPU.ActiveCfg = Debug|Any CPU
		{BB793D2E-C43C-4A72-9A58-2C7B2BB8DE6F}.Debug|Any CPU.Build.0 = Debug|Any CPU
		{BB793D2E-C43C-4A72-9A58-2C7B2BB8DE6F}.Release|Any CPU.ActiveCfg = Release|Any CPU
		{BB793D2E-C43C-4A72-9A58-2C7B2BB8DE6F}.Release|Any CPU.Build.0 = Release|Any CPU
		{F76BB012-B244-47C9-8364-09283A255C5C}.Debug|Any CPU.ActiveCfg = Debug|Any CPU
		{F76BB012-B244-47C9-8364-09283A255C5C}.Debug|Any CPU.Build.0 = Debug|Any CPU
		{F76BB012-B244-47C9-8364-09283A255C5C}.Release|Any CPU.ActiveCfg = Release|Any CPU
		{F76BB012-B244-47C9-8364-09283A255C5C}.Release|Any CPU.Build.0 = Release|Any CPU
		{A8004177-8247-4E97-8666-A07F339E4130}.Debug|Any CPU.ActiveCfg = Debug|Any CPU
		{A8004177-8247-4E97-8666-A07F339E4130}.Debug|Any CPU.Build.0 = Debug|Any CPU
		{A8004177-8247-4E97-8666-A07F339E4130}.Release|Any CPU.ActiveCfg = Release|Any CPU
		{A8004177-8247-4E97-8666-A07F339E4130}.Release|Any CPU.Build.0 = Release|Any CPU
		{3F1A2F95-AB47-46B9-8366-EC82EFED8D0E}.Debug|Any CPU.ActiveCfg = Debug|Any CPU
		{3F1A2F95-AB47-46B9-8366-EC82EFED8D0E}.Debug|Any CPU.Build.0 = Debug|Any CPU
		{3F1A2F95-AB47-46B9-8366-EC82EFED8D0E}.Release|Any CPU.ActiveCfg = Release|Any CPU
		{3F1A2F95-AB47-46B9-8366-EC82EFED8D0E}.Release|Any CPU.Build.0 = Release|Any CPU
		{B5898BD3-BD08-4515-A853-AE85C45075B3}.Debug|Any CPU.ActiveCfg = Debug|Any CPU
		{B5898BD3-BD08-4515-A853-AE85C45075B3}.Debug|Any CPU.Build.0 = Debug|Any CPU
		{B5898BD3-BD08-4515-A853-AE85C45075B3}.Release|Any CPU.ActiveCfg = Release|Any CPU
		{B5898BD3-BD08-4515-A853-AE85C45075B3}.Release|Any CPU.Build.0 = Release|Any CPU
	EndGlobalSection
	GlobalSection(SolutionProperties) = preSolution
		HideSolutionNode = FALSE
	EndGlobalSection
	GlobalSection(ExtensibilityGlobals) = postSolution
		SolutionGuid = {90795257-EA6F-45D2-9A74-2B272DBA32F4}
	EndGlobalSection
EndGlobal
